// !$*UTF8*$!
{
	archiveVersion = 1;
	classes = {
	};
	objectVersion = 55;
	objects = {

/* Begin PBXFileReference section */
		23BB998F294B56CC008077DD /* .git */ = {isa = PBXFileReference; lastKnownFileType = folder; path = .git; sourceTree = "<group>"; };
		23BB9990294B56CC008077DD /* Makefile */ = {isa = PBXFileReference; lastKnownFileType = sourcecode.make; path = Makefile; sourceTree = "<group>"; };
		23BB9991294B56CC008077DD /* README_RUS.md */ = {isa = PBXFileReference; lastKnownFileType = net.daringfireball.markdown; path = README_RUS.md; sourceTree = "<group>"; };
		23BB9992294B56CC008077DD /* s21_memcmp.c */ = {isa = PBXFileReference; lastKnownFileType = sourcecode.c.c; path = s21_memcmp.c; sourceTree = "<group>"; };
		23BB9993294B56CC008077DD /* s21_memcpy.c */ = {isa = PBXFileReference; lastKnownFileType = sourcecode.c.c; path = s21_memcpy.c; sourceTree = "<group>"; };
		23BB9994294B56CC008077DD /* s21_memmove.c */ = {isa = PBXFileReference; lastKnownFileType = sourcecode.c.c; path = s21_memmove.c; sourceTree = "<group>"; };
		23BB9995294B56CC008077DD /* s21_memset.c */ = {isa = PBXFileReference; lastKnownFileType = sourcecode.c.c; path = s21_memset.c; sourceTree = "<group>"; };
		23BB9996294B56CC008077DD /* s21_strcmp.c */ = {isa = PBXFileReference; lastKnownFileType = sourcecode.c.c; path = s21_strcmp.c; sourceTree = "<group>"; };
		23BB9997294B56CC008077DD /* s21_strcpy.c */ = {isa = PBXFileReference; lastKnownFileType = sourcecode.c.c; path = s21_strcpy.c; sourceTree = "<group>"; };
		23BB9998294B56CC008077DD /* s21_string.h */ = {isa = PBXFileReference; lastKnownFileType = sourcecode.c.h; path = s21_string.h; sourceTree = "<group>"; };
		23BB9999294B56CC008077DD /* s21_strncmp.c */ = {isa = PBXFileReference; lastKnownFileType = sourcecode.c.c; path = s21_strncmp.c; sourceTree = "<group>"; };
		23BB999A294B56CC008077DD /* s21_strncpy.c */ = {isa = PBXFileReference; lastKnownFileType = sourcecode.c.c; path = s21_strncpy.c; sourceTree = "<group>"; };
/* End PBXFileReference section */

/* Begin PBXGroup section */
		23BB9989294B56CC008077DD = {
			isa = PBXGroup;
			children = (
				23BB998F294B56CC008077DD /* .git */,
				23BB9990294B56CC008077DD /* Makefile */,
				23BB9991294B56CC008077DD /* README_RUS.md */,
				23BB9992294B56CC008077DD /* s21_memcmp.c */,
				23BB9993294B56CC008077DD /* s21_memcpy.c */,
				23BB9994294B56CC008077DD /* s21_memmove.c */,
				23BB9995294B56CC008077DD /* s21_memset.c */,
				23BB9996294B56CC008077DD /* s21_strcmp.c */,
				23BB9997294B56CC008077DD /* s21_strcpy.c */,
				23BB9998294B56CC008077DD /* s21_string.h */,
				23BB9999294B56CC008077DD /* s21_strncmp.c */,
				23BB999A294B56CC008077DD /* s21_strncpy.c */,
			);
			sourceTree = "<group>";
		};
/* End PBXGroup section */

/* Begin PBXLegacyTarget section */
		23BB998E294B56CC008077DD /* s21_string */ = {
			isa = PBXLegacyTarget;
			buildArgumentsString = "$(ACTION)";
			buildConfigurationList = 23BB999B294B56CC008077DD /* Build configuration list for PBXLegacyTarget "s21_string" */;
			buildPhases = (
			);
			buildToolPath = /usr/bin/make;
			buildWorkingDirectory = /Users/photoker/Desktop/s21_string;
			dependencies = (
			);
			name = s21_string;
			passBuildSettingsInEnvironment = 1;
			productName = s21_string;
		};
/* End PBXLegacyTarget section */

/* Begin PBXProject section */
		23BB998A294B56CC008077DD /* Project object */ = {
			isa = PBXProject;
			attributes = {
				BuildIndependentTargetsInParallel = 1;
			};
			buildConfigurationList = 23BB998D294B56CC008077DD /* Build configuration list for PBXProject "s21_string" */;
			compatibilityVersion = "Xcode 13.0";
			developmentRegion = en;
			hasScannedForEncodings = 0;
			knownRegions = (
				en,
				Base,
			);
			mainGroup = 23BB9989294B56CC008077DD;
			projectDirPath = "";
			projectRoot = "";
			targets = (
				23BB998E294B56CC008077DD /* s21_string */,
			);
		};
/* End PBXProject section */

/* Begin XCBuildConfiguration section */
		23BB998B294B56CC008077DD /* Debug */ = {
			isa = XCBuildConfiguration;
			buildSettings = {
				ARCHS = "$(ARCHS_STANDARD_32_BIT)";
				COPY_PHASE_STRIP = NO;
				GCC_WARN_ABOUT_RETURN_TYPE = YES;
				GCC_WARN_UNUSED_VARIABLE = YES;
				ONLY_ACTIVE_ARCH = YES;
				SDKROOT = macosx10.6;
			};
			name = Debug;
		};
		23BB998C294B56CC008077DD /* Release */ = {
			isa = XCBuildConfiguration;
			buildSettings = {
				ARCHS = "$(ARCHS_STANDARD_32_BIT)";
				COPY_PHASE_STRIP = YES;
				GCC_WARN_ABOUT_RETURN_TYPE = YES;
				GCC_WARN_UNUSED_VARIABLE = YES;
				SDKROOT = macosx10.6;
			};
			name = Release;
		};
		23BB999C294B56CC008077DD /* Debug */ = {
			isa = XCBuildConfiguration;
			buildSettings = {
				COPY_PHASE_STRIP = NO;
				DEBUGGING_SYMBOLS = YES;
				GCC_DYNAMIC_NO_PIC = NO;
				GCC_ENABLE_FIX_AND_CONTINUE = YES;
				GCC_GENERATE_DEBUGGING_SYMBOLS = YES;
				GCC_OPTIMIZATION_LEVEL = 0;
				OTHER_CFLAGS = "";
				OTHER_LDFLAGS = "";
				PRODUCT_NAME = s21_string;
			};
			name = Debug;
		};
		23BB999D294B56CC008077DD /* Release */ = {
			isa = XCBuildConfiguration;
			buildSettings = {
				COPY_PHASE_STRIP = YES;
				DEBUG_INFORMATION_FORMAT = "dwarf-with-dsym";
				GCC_ENABLE_FIX_AND_CONTINUE = NO;
				OTHER_CFLAGS = "";
				OTHER_LDFLAGS = "";
				PRODUCT_NAME = s21_string;
			};
			name = Release;
		};
/* End XCBuildConfiguration section */

/* Begin XCConfigurationList section */
		23BB998D294B56CC008077DD /* Build configuration list for PBXProject "s21_string" */ = {
			isa = XCConfigurationList;
			buildConfigurations = (
				23BB998B294B56CC008077DD /* Debug */,
				23BB998C294B56CC008077DD /* Release */,
			);
			defaultConfigurationIsVisible = 0;
			defaultConfigurationName = Release;
		};
		23BB999B294B56CC008077DD /* Build configuration list for PBXLegacyTarget "s21_string" */ = {
			isa = XCConfigurationList;
			buildConfigurations = (
				23BB999C294B56CC008077DD /* Debug */,
				23BB999D294B56CC008077DD /* Release */,
			);
			defaultConfigurationIsVisible = 0;
			defaultConfigurationName = Release;
		};
/* End XCConfigurationList section */
	};
	rootObject = 23BB998A294B56CC008077DD /* Project object */;
}
